// !$*UTF8*$!
{
	archiveVersion = 1;
	classes = {
	};
	objectVersion = 46;
	objects = {

/* Begin PBXBuildFile section */
		FD9D78461C0BBA86004F245C /* AppDelegate.swift in Sources */ = {isa = PBXBuildFile; fileRef = FD9D78451C0BBA86004F245C /* AppDelegate.swift */; };
		FD9D78481C0BBA86004F245C /* ViewController.swift in Sources */ = {isa = PBXBuildFile; fileRef = FD9D78471C0BBA86004F245C /* ViewController.swift */; };
		FD9D784B1C0BBA86004F245C /* Main.storyboard in Resources */ = {isa = PBXBuildFile; fileRef = FD9D78491C0BBA86004F245C /* Main.storyboard */; };
		FD9D784D1C0BBA86004F245C /* Assets.xcassets in Resources */ = {isa = PBXBuildFile; fileRef = FD9D784C1C0BBA86004F245C /* Assets.xcassets */; };
		FD9D78501C0BBA86004F245C /* LaunchScreen.storyboard in Resources */ = {isa = PBXBuildFile; fileRef = FD9D784E1C0BBA86004F245C /* LaunchScreen.storyboard */; };
		FD9D78581C0BBC58004F245C /* cat_PNG1631.png in Resources */ = {isa = PBXBuildFile; fileRef = FD9D78571C0BBC58004F245C /* cat_PNG1631.png */; };
/* End PBXBuildFile section */

/* Begin PBXFileReference section */
		FD9D78421C0BBA86004F245C /* Cat Years.app */ = {isa = PBXFileReference; explicitFileType = wrapper.application; includeInIndex = 0; path = "Cat Years.app"; sourceTree = BUILT_PRODUCTS_DIR; };
		FD9D78451C0BBA86004F245C /* AppDelegate.swift */ = {isa = PBXFileReference; lastKnownFileType = sourcecode.swift; path = AppDelegate.swift; sourceTree = "<group>"; };
		FD9D78471C0BBA86004F245C /* ViewController.swift */ = {isa = PBXFileReference; lastKnownFileType = sourcecode.swift; path = ViewController.swift; sourceTree = "<group>"; };
		FD9D784A1C0BBA86004F245C /* Base */ = {isa = PBXFileReference; lastKnownFileType = file.storyboard; name = Base; path = Base.lproj/Main.storyboard; sourceTree = "<group>"; };
		FD9D784C1C0BBA86004F245C /* Assets.xcassets */ = {isa = PBXFileReference; lastKnownFileType = folder.assetcatalog; path = Assets.xcassets; sourceTree = "<group>"; };
		FD9D784F1C0BBA86004F245C /* Base */ = {isa = PBXFileReference; lastKnownFileType = file.storyboard; name = Base; path = Base.lproj/LaunchScreen.storyboard; sourceTree = "<group>"; };
		FD9D78511C0BBA86004F245C /* Info.plist */ = {isa = PBXFileReference; lastKnownFileType = text.plist.xml; path = Info.plist; sourceTree = "<group>"; };
		FD9D78571C0BBC58004F245C /* cat_PNG1631.png */ = {isa = PBXFileReference; lastKnownFileType = image.png; path = cat_PNG1631.png; sourceTree = "<group>"; };
/* End PBXFileReference section */

/* Begin PBXFrameworksBuildPhase section */
		FD9D783F1C0BBA86004F245C /* Frameworks */ = {
			isa = PBXFrameworksBuildPhase;
			buildActionMask = 2147483647;
			files = (
			);
			runOnlyForDeploymentPostprocessing = 0;
		};
/* End PBXFrameworksBuildPhase section */

/* Begin PBXGroup section */
		FD9D78391C0BBA86004F245C = {
			isa = PBXGroup;
			children = (
				FD9D78441C0BBA86004F245C /* Cat Years */,
				FD9D78431C0BBA86004F245C /* Products */,
			);
			sourceTree = "<group>";
		};
		FD9D78431C0BBA86004F245C /* Products */ = {
			isa = PBXGroup;
			children = (
				FD9D78421C0BBA86004F245C /* Cat Years.app */,
			);
			name = Products;
			sourceTree = "<group>";
		};
		FD9D78441C0BBA86004F245C /* Cat Years */ = {
			isa = PBXGroup;
			children = (
				FD9D78451C0BBA86004F245C /* AppDelegate.swift */,
				FD9D78471C0BBA86004F245C /* ViewController.swift */,
				FD9D78491C0BBA86004F245C /* Main.storyboard */,
				FD9D78571C0BBC58004F245C /* cat_PNG1631.png */,
				FD9D784C1C0BBA86004F245C /* Assets.xcassets */,
				FD9D784E1C0BBA86004F245C /* LaunchScreen.storyboard */,
				FD9D78511C0BBA86004F245C /* Info.plist */,
			);
			path = "Cat Years";
			sourceTree = "<group>";
		};
/* End PBXGroup section */

/* Begin PBXNativeTarget section */
		FD9D78411C0BBA86004F245C /* Cat Years */ = {
			isa = PBXNativeTarget;
			buildConfigurationList = FD9D78541C0BBA86004F245C /* Build configuration list for PBXNativeTarget "Cat Years" */;
			buildPhases = (
				FD9D783E1C0BBA86004F245C /* Sources */,
				FD9D783F1C0BBA86004F245C /* Frameworks */,
				FD9D78401C0BBA86004F245C /* Resources */,
			);
			buildRules = (
			);
			dependencies = (
			);
			name = "Cat Years";
			productName = "Cat Years";
			productReference = FD9D78421C0BBA86004F245C /* Cat Years.app */;
			productType = "com.apple.product-type.application";
		};
/* End PBXNativeTarget section */

/* Begin PBXProject section */
		FD9D783A1C0BBA86004F245C /* Project object */ = {
			isa = PBXProject;
			attributes = {
				LastSwiftUpdateCheck = 0710;
				LastUpgradeCheck = 0710;
				ORGANIZATIONNAME = Kmartin;
				TargetAttributes = {
					FD9D78411C0BBA86004F245C = {
						CreatedOnToolsVersion = 7.1.1;
						DevelopmentTeam = JNQVM2FDA2;
					};
				};
			};
			buildConfigurationList = FD9D783D1C0BBA86004F245C /* Build configuration list for PBXProject "Cat Years" */;
			compatibilityVersion = "Xcode 3.2";
			developmentRegion = English;
			hasScannedForEncodings = 0;
			knownRegions = (
				en,
				Base,
			);
			mainGroup = FD9D78391C0BBA86004F245C;
			productRefGroup = FD9D78431C0BBA86004F245C /* Products */;
			projectDirPath = "";
			projectRoot = "";
			targets = (
				FD9D78411C0BBA86004F245C /* Cat Years */,
			);
		};
/* End PBXProject section */

/* Begin PBXResourcesBuildPhase section */
		FD9D78401C0BBA86004F245C /* Resources */ = {
			isa = PBXResourcesBuildPhase;
			buildActionMask = 2147483647;
			files = (
				FD9D78501C0BBA86004F245C /* LaunchScreen.storyboard in Resources */,
				FD9D78581C0BBC58004F245C /* cat_PNG1631.png in Resources */,
				FD9D784D1C0BBA86004F245C /* Assets.xcassets in Resources */,
				FD9D784B1C0BBA86004F245C /* Main.storyboard in Resources */,
			);
			runOnlyForDeploymentPostprocessing = 0;
		};
/* End PBXResourcesBuildPhase section */

/* Begin PBXSourcesBuildPhase section */
		FD9D783E1C0BBA86004F245C /* Sources */ = {
			isa = PBXSourcesBuildPhase;
			buildActionMask = 2147483647;
			files = (
				FD9D78481C0BBA86004F245C /* ViewController.swift in Sources */,
				FD9D78461C0BBA86004F245C /* AppDelegate.swift in Sources */,
			);
			runOnlyForDeploymentPostprocessing = 0;
		};
/* End PBXSourcesBuildPhase section */

/* Begin PBXVariantGroup section */
		FD9D78491C0BBA86004F245C /* Main.storyboard */ = {
			isa = PBXVariantGroup;
			children = (
				FD9D784A1C0BBA86004F245C /* Base */,
			);
			name = Main.storyboard;
			sourceTree = "<group>";
		};
		FD9D784E1C0BBA86004F245C /* LaunchScreen.storyboard */ = {
			isa = PBXVariantGroup;
			children = (
				FD9D784F1C0BBA86004F245C /* Base */,
			);
			name = LaunchScreen.storyboard;
			sourceTree = "<group>";
		};
/* End PBXVariantGroup section */

/* Begin XCBuildConfiguration section */
		FD9D78521C0BBA86004F245C /* Debug */ = {
			isa = XCBuildConfiguration;
			buildSettings = {
				ALWAYS_SEARCH_USER_PATHS = NO;
				CLANG_CXX_LANGUAGE_STANDARD = "gnu++0x";
				CLANG_CXX_LIBRARY = "libc++";
				CLANG_ENABLE_MODULES = YES;
				CLANG_ENABLE_OBJC_ARC = YES;
				CLANG_WARN_BOOL_CONVERSION = YES;
				CLANG_WARN_CONSTANT_CONVERSION = YES;
				CLANG_WARN_DIRECT_OBJC_ISA_USAGE = YES_ERROR;
				CLANG_WARN_EMPTY_BODY = YES;
				CLANG_WARN_ENUM_CONVERSION = YES;
				CLANG_WARN_INT_CONVERSION = YES;
				CLANG_WARN_OBJC_ROOT_CLASS = YES_ERROR;
				CLANG_WARN_UNREACHABLE_CODE = YES;
				CLANG_WARN__DUPLICATE_METHOD_MATCH = YES;
				"CODE_SIGN_IDENTITY[sdk=iphoneos*]" = "iPhone Developer";
				COPY_PHASE_STRIP = NO;
				DEBUG_INFORMATION_FORMAT = dwarf;
				ENABLE_STRICT_OBJC_MSGSEND = YES;
				ENABLE_TESTABILITY = YES;
				GCC_C_LANGUAGE_STANDARD = gnu99;
				GCC_DYNAMIC_NO_PIC = NO;
				GCC_NO_COMMON_BLOCKS = YES;
				GCC_OPTIMIZATION_LEVEL = 0;
				GCC_PREPROCESSOR_DEFINITIONS = (
					"DEBUG=1",
					"$(inherited)",
				);
				GCC_WARN_64_TO_32_BIT_CONVERSION = YES;
				GCC_WARN_ABOUT_RETURN_TYPE = YES_ERROR;
				GCC_WARN_UNDECLARED_SELECTOR = YES;
				GCC_WARN_UNINITIALIZED_AUTOS = YES_AGGRESSIVE;
				GCC_WARN_UNUSED_FUNCTION = YES;
				GCC_WARN_UNUSED_VARIABLE = YES;
				IPHONEOS_DEPLOYMENT_TARGET = 9.1;
				MTL_ENABLE_DEBUG_INFO = YES;
				ONLY_ACTIVE_ARCH = YES;
				SDKROOT = iphoneos;
				SWIFT_OPTIMIZATION_LEVEL = "-Onone";
			};
			name = Debug;
		};
		FD9D78531C0BBA86004F245C /* Release */ = {
			isa = XCBuildConfiguration;
			buildSettings = {
				ALWAYS_SEARCH_USER_PATHS = NO;
				CLANG_CXX_LANGUAGE_STANDARD = "gnu++0x";
				CLANG_CXX_LIBRARY = "libc++";
				CLANG_ENABLE_MODULES = YES;
				CLANG_ENABLE_OBJC_ARC = YES;
				CLANG_WARN_BOOL_CONVERSION = YES;
				CLANG_WARN_CONSTANT_CONVERSION = YES;
				CLANG_WARN_DIRECT_OBJC_ISA_USAGE = YES_ERROR;
				CLANG_WARN_EMPTY_BODY = YES;
				CLANG_WARN_ENUM_CONVERSION = YES;
				CLANG_WARN_INT_CONVERSION = YES;
				CLANG_WARN_OBJC_ROOT_CLASS = YES_ERROR;
				CLANG_WARN_UNREACHABLE_CODE = YES;
				CLANG_WARN__DUPLICATE_METHOD_MATCH = YES;
				"CODE_SIGN_IDENTITY[sdk=iphoneos*]" = "iPhone Developer";
				COPY_PHASE_STRIP = NO;
				DEBUG_INFORMATION_FORMAT = "dwarf-with-dsym";
				ENABLE_NS_ASSERTIONS = NO;
				ENABLE_STRICT_OBJC_MSGSEND = YES;
				GCC_C_LANGUAGE_STANDARD = gnu99;
				GCC_NO_COMMON_BLOCKS = YES;
				GCC_WARN_64_TO_32_BIT_CONVERSION = YES;
				GCC_WARN_ABOUT_RETURN_TYPE = YES_ERROR;
				GCC_WARN_UNDECLARED_SELECTOR = YES;
				GCC_WARN_UNINITIALIZED_AUTOS = YES_AGGRESSIVE;
				GCC_WARN_UNUSED_FUNCTION = YES;
				GCC_WARN_UNUSED_VARIABLE = YES;
				IPHONEOS_DEPLOYMENT_TARGET = 9.1;
				MTL_ENABLE_DEBUG_INFO = NO;
				SDKROOT = iphoneos;
				VALIDATE_PRODUCT = YES;
			};
			name = Release;
		};
		FD9D78551C0BBA86004F245C /* Debug */ = {
			isa = XCBuildConfiguration;
			buildSettings = {
				ASSETCATALOG_COMPILER_APPICON_NAME = AppIcon;
				INFOPLIST_FILE = "Cat Years/Info.plist";
				LD_RUNPATH_SEARCH_PATHS = "$(inherited) @executable_path/Frameworks";
				PRODUCT_BUNDLE_IDENTIFIER = "com.Kmartin.Cat-Years";
				PRODUCT_NAME = "$(TARGET_NAME)";
			};
			name = Debug;
		};
		FD9D78561C0BBA86004F245C /* Release */ = {
			isa = XCBuildConfiguration;
			buildSettings = {
				ASSETCATALOG_COMPILER_APPICON_NAME = AppIcon;
				INFOPLIST_FILE = "Cat Years/Info.plist";
				LD_RUNPATH_SEARCH_PATHS = "$(inherited) @executable_path/Frameworks";
				PRODUCT_BUNDLE_IDENTIFIER = "com.Kmartin.Cat-Years";
				PRODUCT_NAME = "$(TARGET_NAME)";
			};
			name = Release;
		};
/* End XCBuildConfiguration section */

/* Begin XCConfigurationList section */
		FD9D783D1C0BBA86004F245C /* Build configuration list for PBXProject "Cat Years" */ = {
			isa = XCConfigurationList;
			buildConfigurations = (
				FD9D78521C0BBA86004F245C /* Debug */,
				FD9D78531C0BBA86004F245C /* Release */,
			);
			defaultConfigurationIsVisible = 0;
			defaultConfigurationName = Release;
		};
		FD9D78541C0BBA86004F245C /* Build configuration list for PBXNativeTarget "Cat Years" */ = {
			isa = XCConfigurationList;
			buildConfigurations = (
				FD9D78551C0BBA86004F245C /* Debug */,
				FD9D78561C0BBA86004F245C /* Release */,
			);
			defaultConfigurationIsVisible = 0;
		};
/* End XCConfigurationList section */
	};
	rootObject = FD9D783A1C0BBA86004F245C /* Project object */;
}
